
Microsoft Visual Studio Solution File, Format Version 12.00
# Visual Studio Version 17
VisualStudioVersion = 17.14.36811.4 d17.14
MinimumVisualStudioVersion = 10.0.40219.1
Project("{FAE04EC0-301F-11D3-BF4B-00C04F79EFBC}") = "DataConversion", "DataConversion.csproj", "{5171AD35-0BBD-5E4C-2CD0-800D40F29F9E}"
EndProject
Global
	GlobalSection(SolutionConfigurationPlatforms) = preSolution
		Debug|Any CPU = Debug|Any CPU
		Release|Any CPU = Release|Any CPU
	EndGlobalSection
	GlobalSection(ProjectConfigurationPlatforms) = postSolution
		{5171AD35-0BBD-5E4C-2CD0-800D40F29F9E}.Debug|Any CPU.ActiveCfg = Debug|Any CPU
		{5171AD35-0BBD-5E4C-2CD0-800D40F29F9E}.Debug|Any CPU.Build.0 = Debug|Any CPU
		{5171AD35-0BBD-5E4C-2CD0-800D40F29F9E}.Release|Any CPU.ActiveCfg = Release|Any CPU
		{5171AD35-0BBD-5E4C-2CD0-800D40F29F9E}.Release|Any CPU.Build.0 = Release|Any CPU
	EndGlobalSection
	GlobalSection(SolutionProperties) = preSolution
		HideSolutionNode = FALSE
	EndGlobalSection
	GlobalSection(ExtensibilityGlobals) = postSolution
		SolutionGuid = {19F790E3-D849-4918-9417-013B4B1D96AF}
	EndGlobalSection
EndGlobal
